{
  "name": "openvpn-node-sdk-monorepo",
  "version": "0.1.0",
  "lockfileVersion": 3,
  "requires": true,
  "packages": {
    "": {
      "name": "openvpn-node-sdk-monorepo",
      "version": "0.1.0",
      "license": "MIT",
      "workspaces": [
        "packages/*",
        "platform-packages/*"
      ],
      "devDependencies": {
        "@types/node": "^24.0.0",
        "typescript": "^5.6.0"
      },
      "engines": {
        "node": ">=22.18"
      }
    },
    "node_modules/@ovpn-sdk/binary": {
      "resolved": "packages/binary",
      "link": true
    },
    "node_modules/@ovpn-sdk/config": {
      "resolved": "packages/config",
      "link": true
    },
    "node_modules/@ovpn-sdk/core": {
      "resolved": "packages/core",
      "link": true
    },
    "node_modules/@ovpn-sdk/openvpn-darwin-arm64": {
      "resolved": "platform-packages/openvpn-darwin-arm64",
      "link": true
    },
    "node_modules/@ovpn-sdk/openvpn-darwin-x64": {
      "resolved": "platform-packages/openvpn-darwin-x64",
      "link": true
    },
    "node_modules/@ovpn-sdk/openvpn-linux-arm64": {
      "resolved": "platform-packages/openvpn-linux-arm64",
      "link": true
    },
    "node_modules/@ovpn-sdk/openvpn-linux-x64": {
      "resolved": "platform-packages/openvpn-linux-x64",
      "link": true
    },
    "node_modules/@ovpn-sdk/openvpn-win32-x64": {
      "resolved": "platform-packages/openvpn-win32-x64",
      "link": true
    },
    "node_modules/@ovpn-sdk/process": {
      "resolved": "packages/process",
      "link": true
    },
    "node_modules/@ovpn-sdk/tap": {
      "resolved": "packages/tap",
      "link": true
    },
    "node_modules/@types/node": {
      "version": "24.13.3",
      "resolved": "https://registry.npmjs.org/@types/node/-/node-24.13.3.tgz",
      "integrity": "sha512-Dh8vAsV36ig5wa9OX4pXvMc9D3Veibfw2wix0CUwYODLD8nkj9UsLjASr49nPg+2eKzxhBV+v7L8pXvT4e639Q==",
      "dev": true,
      "license": "MIT",
      "dependencies": {
        "undici-types": "~7.18.0"
      }
    },
    "node_modules/openvpn-node-sdk": {
      "resolved": "packages/openvpn-sdk",
      "link": true
    },
    "node_modules/typescript": {
      "version": "5.9.3",
      "resolved": "https://registry.npmjs.org/typescript/-/typescript-5.9.3.tgz",
      "integrity": "sha512-jl1vZzPDinLr9eUt3J/t7V6FgNEw9QjvBPdysz9KfQDD41fQrC2Y4vKQdiaUpFT4bXlb1RHhLpp8wtm6M5TgSw==",
      "dev": true,
      "license": "Apache-2.0",
      "bin": {
        "tsc": "bin/tsc",
        "tsserver": "bin/tsserver"
      },
      "engines": {
        "node": ">=14.17"
      }
    },
    "node_modules/undici-types": {
      "version": "7.18.2",
      "resolved": "https://registry.npmjs.org/undici-types/-/undici-types-7.18.2.tgz",
      "integrity": "sha512-AsuCzffGHJybSaRrmr5eHr81mwJU3kjw6M+uprWvCXiNeN9SOGwQ3Jn8jb8m3Z6izVgknn1R0FTCEAP2QrLY/w==",
      "dev": true,
      "license": "MIT"
    },
    "packages/binary": {
      "name": "@ovpn-sdk/binary",
      "version": "0.1.0",
      "license": "MIT"
    },
    "packages/config": {
      "name": "@ovpn-sdk/config",
      "version": "0.1.0",
      "license": "MIT",
      "dependencies": {
        "@ovpn-sdk/core": "0.1.0"
      }
    },
    "packages/core": {
      "name": "@ovpn-sdk/core",
      "version": "0.1.0",
      "license": "MIT"
    },
    "packages/openvpn-sdk": {
      "name": "openvpn-node-sdk",
      "version": "0.1.0",
      "license": "MIT",
      "dependencies": {
        "@ovpn-sdk/binary": "0.1.0",
        "@ovpn-sdk/config": "0.1.0",
        "@ovpn-sdk/core": "0.1.0",
        "@ovpn-sdk/process": "0.1.0",
        "@ovpn-sdk/tap": "0.1.0"
      },
      "optionalDependencies": {
        "@ovpn-sdk/openvpn-darwin-arm64": "0.1.0",
        "@ovpn-sdk/openvpn-darwin-x64": "0.1.0",
        "@ovpn-sdk/openvpn-linux-arm64": "0.1.0",
        "@ovpn-sdk/openvpn-linux-x64": "0.1.0",
        "@ovpn-sdk/openvpn-win32-arm64": "0.1.0",
        "@ovpn-sdk/openvpn-win32-x64": "0.1.0"
      }
    },
    "packages/openvpn-sdk/node_modules/@ovpn-sdk/openvpn-win32-arm64": {
      "optional": true
    },
    "packages/process": {
      "name": "@ovpn-sdk/process",
      "version": "0.1.0",
      "license": "MIT"
    },
    "packages/tap": {
      "name": "@ovpn-sdk/tap",
      "version": "0.1.0",
      "license": "MIT"
    },
    "platform-packages/openvpn-darwin-arm64": {
      "name": "@ovpn-sdk/openvpn-darwin-arm64",
      "version": "0.1.0",
      "license": "GPL-2.0-only"
    },
    "platform-packages/openvpn-darwin-x64": {
      "name": "@ovpn-sdk/openvpn-darwin-x64",
      "version": "0.1.0",
      "license": "GPL-2.0-only"
    },
    "platform-packages/openvpn-linux-arm64": {
      "name": "@ovpn-sdk/openvpn-linux-arm64",
      "version": "0.1.0",
      "license": "GPL-2.0-only"
    },
    "platform-packages/openvpn-linux-x64": {
      "name": "@ovpn-sdk/openvpn-linux-x64",
      "version": "0.1.0",
      "license": "GPL-2.0-only"
    },
    "platform-packages/openvpn-win32-x64": {
      "name": "@ovpn-sdk/openvpn-win32-x64",
      "version": "0.1.0",
      "license": "GPL-2.0-only"
    }
  }
}
